// !$*UTF8*$!
{
	archiveVersion = 1;
	classes = {
	};
	objectVersion = 46;
	objects = {

/* Begin PBXBuildFile section */
		FB06A6801E97112500BE30AB /* AppDelegate.swift in Sources */ = {isa = PBXBuildFile; fileRef = FB06A67F1E97112500BE30AB /* AppDelegate.swift */; };
		FB06A6821E97112500BE30AB /* ViewController.swift in Sources */ = {isa = PBXBuildFile; fileRef = FB06A6811E97112500BE30AB /* ViewController.swift */; };
		FB06A6851E97112500BE30AB /* Main.storyboard in Resources */ = {isa = PBXBuildFile; fileRef = FB06A6831E97112500BE30AB /* Main.storyboard */; };
		FB06A6871E97112500BE30AB /* Assets.xcassets in Resources */ = {isa = PBXBuildFile; fileRef = FB06A6861E97112500BE30AB /* Assets.xcassets */; };
		FB06A68A1E97112500BE30AB /* LaunchScreen.storyboard in Resources */ = {isa = PBXBuildFile; fileRef = FB06A6881E97112500BE30AB /* LaunchScreen.storyboard */; };
/* End PBXBuildFile section */

/* Begin PBXFileReference section */
		FB06A67C1E97112500BE30AB /* CoreLocationEnIOs.app */ = {isa = PBXFileReference; explicitFileType = wrapper.application; includeInIndex = 0; path = CoreLocationEnIOs.app; sourceTree = BUILT_PRODUCTS_DIR; };
		FB06A67F1E97112500BE30AB /* AppDelegate.swift */ = {isa = PBXFileReference; lastKnownFileType = sourcecode.swift; path = AppDelegate.swift; sourceTree = "<group>"; };
		FB06A6811E97112500BE30AB /* ViewController.swift */ = {isa = PBXFileReference; lastKnownFileType = sourcecode.swift; path = ViewController.swift; sourceTree = "<group>"; };
		FB06A6841E97112500BE30AB /* Base */ = {isa = PBXFileReference; lastKnownFileType = file.storyboard; name = Base; path = Base.lproj/Main.storyboard; sourceTree = "<group>"; };
		FB06A6861E97112500BE30AB /* Assets.xcassets */ = {isa = PBXFileReference; lastKnownFileType = folder.assetcatalog; path = Assets.xcassets; sourceTree = "<group>"; };
		FB06A6891E97112500BE30AB /* Base */ = {isa = PBXFileReference; lastKnownFileType = file.storyboard; name = Base; path = Base.lproj/LaunchScreen.storyboard; sourceTree = "<group>"; };
		FB06A68B1E97112500BE30AB /* Info.plist */ = {isa = PBXFileReference; lastKnownFileType = text.plist.xml; path = Info.plist; sourceTree = "<group>"; };
/* End PBXFileReference section */

/* Begin PBXFrameworksBuildPhase section */
		FB06A6791E97112400BE30AB /* Frameworks */ = {
			isa = PBXFrameworksBuildPhase;
			buildActionMask = 2147483647;
			files = (
			);
			runOnlyForDeploymentPostprocessing = 0;
		};
/* End PBXFrameworksBuildPhase section */

/* Begin PBXGroup section */
		FB06A6731E97112400BE30AB = {
			isa = PBXGroup;
			children = (
				FB06A67E1E97112500BE30AB /* CoreLocationEnIOs */,
				FB06A67D1E97112500BE30AB /* Products */,
			);
			sourceTree = "<group>";
		};
		FB06A67D1E97112500BE30AB /* Products */ = {
			isa = PBXGroup;
			children = (
				FB06A67C1E97112500BE30AB /* CoreLocationEnIOs.app */,
			);
			name = Products;
			sourceTree = "<group>";
		};
		FB06A67E1E97112500BE30AB /* CoreLocationEnIOs */ = {
			isa = PBXGroup;
			children = (
				FB06A67F1E97112500BE30AB /* AppDelegate.swift */,
				FB06A6811E97112500BE30AB /* ViewController.swift */,
				FB06A6831E97112500BE30AB /* Main.storyboard */,
				FB06A6861E97112500BE30AB /* Assets.xcassets */,
				FB06A6881E97112500BE30AB /* LaunchScreen.storyboard */,
				FB06A68B1E97112500BE30AB /* Info.plist */,
			);
			path = CoreLocationEnIOs;
			sourceTree = "<group>";
		};
/* End PBXGroup section */

/* Begin PBXNativeTarget section */
		FB06A67B1E97112400BE30AB /* CoreLocationEnIOs */ = {
			isa = PBXNativeTarget;
			buildConfigurationList = FB06A68E1E97112500BE30AB /* Build configuration list for PBXNativeTarget "CoreLocationEnIOs" */;
			buildPhases = (
				FB06A6781E97112400BE30AB /* Sources */,
				FB06A6791E97112400BE30AB /* Frameworks */,
				FB06A67A1E97112400BE30AB /* Resources */,
			);
			buildRules = (
			);
			dependencies = (
			);
			name = CoreLocationEnIOs;
			productName = CoreLocationEnIOs;
			productReference = FB06A67C1E97112500BE30AB /* CoreLocationEnIOs.app */;
			productType = "com.apple.product-type.application";
		};
/* End PBXNativeTarget section */

/* Begin PBXProject section */
		FB06A6741E97112400BE30AB /* Project object */ = {
			isa = PBXProject;
			attributes = {
				LastSwiftUpdateCheck = 0800;
				LastUpgradeCheck = 0800;
				ORGANIZATIONNAME = "Jorge Luis Limo";
				TargetAttributes = {
					FB06A67B1E97112400BE30AB = {
						CreatedOnToolsVersion = 8.0;
						DevelopmentTeam = 6UK6WGBK4Q;
						ProvisioningStyle = Automatic;
					};
				};
			};
			buildConfigurationList = FB06A6771E97112400BE30AB /* Build configuration list for PBXProject "CoreLocationEnIOs" */;
			compatibilityVersion = "Xcode 3.2";
			developmentRegion = English;
			hasScannedForEncodings = 0;
			knownRegions = (
				en,
				Base,
			);
			mainGroup = FB06A6731E97112400BE30AB;
			productRefGroup = FB06A67D1E97112500BE30AB /* Products */;
			projectDirPath = "";
			projectRoot = "";
			targets = (
				FB06A67B1E97112400BE30AB /* CoreLocationEnIOs */,
			);
		};
/* End PBXProject section */

/* Begin PBXResourcesBuildPhase section */
		FB06A67A1E97112400BE30AB /* Resources */ = {
			isa = PBXResourcesBuildPhase;
			buildActionMask = 2147483647;
			files = (
				FB06A68A1E97112500BE30AB /* LaunchScreen.storyboard in Resources */,
				FB06A6871E97112500BE30AB /* Assets.xcassets in Resources */,
				FB06A6851E97112500BE30AB /* Main.storyboard in Resources */,
			);
			runOnlyForDeploymentPostprocessing = 0;
		};
/* End PBXResourcesBuildPhase section */

/* Begin PBXSourcesBuildPhase section */
		FB06A6781E97112400BE30AB /* Sources */ = {
			isa = PBXSourcesBuildPhase;
			buildActionMask = 2147483647;
			files = (
				FB06A6821E97112500BE30AB /* ViewController.swift in Sources */,
				FB06A6801E97112500BE30AB /* AppDelegate.swift in Sources */,
			);
			runOnlyForDeploymentPostprocessing = 0;
		};
/* End PBXSourcesBuildPhase section */

/* Begin PBXVariantGroup section */
		FB06A6831E97112500BE30AB /* Main.storyboard */ = {
			isa = PBXVariantGroup;
			children = (
				FB06A6841E97112500BE30AB /* Base */,
			);
			name = Main.storyboard;
			sourceTree = "<group>";
		};
		FB06A6881E97112500BE30AB /* LaunchScreen.storyboard */ = {
			isa = PBXVariantGroup;
			children = (
				FB06A6891E97112500BE30AB /* Base */,
			);
			name = LaunchScreen.storyboard;
			sourceTree = "<group>";
		};
/* End PBXVariantGroup section */

/* Begin XCBuildConfiguration section */
		FB06A68C1E97112500BE30AB /* Debug */ = {
			isa = XCBuildConfiguration;
			buildSettings = {
				ALWAYS_SEARCH_USER_PATHS = NO;
				CLANG_ANALYZER_NONNULL = YES;
				CLANG_CXX_LANGUAGE_STANDARD = "gnu++0x";
				CLANG_CXX_LIBRARY = "libc++";
				CLANG_ENABLE_MODULES = YES;
				CLANG_ENABLE_OBJC_ARC = YES;
				CLANG_WARN_BOOL_CONVERSION = YES;
				CLANG_WARN_CONSTANT_CONVERSION = YES;
				CLANG_WARN_DIRECT_OBJC_ISA_USAGE = YES_ERROR;
				CLANG_WARN_DOCUMENTATION_COMMENTS = YES;
				CLANG_WARN_EMPTY_BODY = YES;
				CLANG_WARN_ENUM_CONVERSION = YES;
				CLANG_WARN_INFINITE_RECURSION = YES;
				CLANG_WARN_INT_CONVERSION = YES;
				CLANG_WARN_OBJC_ROOT_CLASS = YES_ERROR;
				CLANG_WARN_SUSPICIOUS_MOVES = YES;
				CLANG_WARN_UNREACHABLE_CODE = YES;
				CLANG_WARN__DUPLICATE_METHOD_MATCH = YES;
				"CODE_SIGN_IDENTITY[sdk=iphoneos*]" = "iPhone Developer";
				COPY_PHASE_STRIP = NO;
				DEBUG_INFORMATION_FORMAT = dwarf;
				ENABLE_STRICT_OBJC_MSGSEND = YES;
				ENABLE_TESTABILITY = YES;
				GCC_C_LANGUAGE_STANDARD = gnu99;
				GCC_DYNAMIC_NO_PIC = NO;
				GCC_NO_COMMON_BLOCKS = YES;
				GCC_OPTIMIZATION_LEVEL = 0;
				GCC_PREPROCESSOR_DEFINITIONS = (
					"DEBUG=1",
					"$(inherited)",
				);
				GCC_WARN_64_TO_32_BIT_CONVERSION = YES;
				GCC_WARN_ABOUT_RETURN_TYPE = YES_ERROR;
				GCC_WARN_UNDECLARED_SELECTOR = YES;
				GCC_WARN_UNINITIALIZED_AUTOS = YES_AGGRESSIVE;
				GCC_WARN_UNUSED_FUNCTION = YES;
				GCC_WARN_UNUSED_VARIABLE = YES;
				IPHONEOS_DEPLOYMENT_TARGET = 9.0;
				MTL_ENABLE_DEBUG_INFO = YES;
				ONLY_ACTIVE_ARCH = YES;
				SDKROOT = iphoneos;
				SWIFT_ACTIVE_COMPILATION_CONDITIONS = DEBUG;
				SWIFT_OPTIMIZATION_LEVEL = "-Onone";
				TARGETED_DEVICE_FAMILY = "1,2";
			};
			name = Debug;
		};
		FB06A68D1E97112500BE30AB /* Release */ = {
			isa = XCBuildConfiguration;
			buildSettings = {
				ALWAYS_SEARCH_USER_PATHS = NO;
				CLANG_ANALYZER_NONNULL = YES;
				CLANG_CXX_LANGUAGE_STANDARD = "gnu++0x";
				CLANG_CXX_LIBRARY = "libc++";
				CLANG_ENABLE_MODULES = YES;
				CLANG_ENABLE_OBJC_ARC = YES;
				CLANG_WARN_BOOL_CONVERSION = YES;
				CLANG_WARN_CONSTANT_CONVERSION = YES;
				CLANG_WARN_DIRECT_OBJC_ISA_USAGE = YES_ERROR;
				CLANG_WARN_DOCUMENTATION_COMMENTS = YES;
				CLANG_WARN_EMPTY_BODY = YES;
				CLANG_WARN_ENUM_CONVERSION = YES;
				CLANG_WARN_INFINITE_RECURSION = YES;
				CLANG_WARN_INT_CONVERSION = YES;
				CLANG_WARN_OBJC_ROOT_CLASS = YES_ERROR;
				CLANG_WARN_SUSPICIOUS_MOVES = YES;
				CLANG_WARN_UNREACHABLE_CODE = YES;
				CLANG_WARN__DUPLICATE_METHOD_MATCH = YES;
				"CODE_SIGN_IDENTITY[sdk=iphoneos*]" = "iPhone Developer";
				COPY_PHASE_STRIP = NO;
				DEBUG_INFORMATION_FORMAT = "dwarf-with-dsym";
				ENABLE_NS_ASSERTIONS = NO;
				ENABLE_STRICT_OBJC_MSGSEND = YES;
				GCC_C_LANGUAGE_STANDARD = gnu99;
				GCC_NO_COMMON_BLOCKS = YES;
				GCC_WARN_64_TO_32_BIT_CONVERSION = YES;
				GCC_WARN_ABOUT_RETURN_TYPE = YES_ERROR;
				GCC_WARN_UNDECLARED_SELECTOR = YES;
				GCC_WARN_UNINITIALIZED_AUTOS = YES_AGGRESSIVE;
				GCC_WARN_UNUSED_FUNCTION = YES;
				GCC_WARN_UNUSED_VARIABLE = YES;
				IPHONEOS_DEPLOYMENT_TARGET = 9.0;
				MTL_ENABLE_DEBUG_INFO = NO;
				SDKROOT = iphoneos;
				SWIFT_OPTIMIZATION_LEVEL = "-Owholemodule";
				TARGETED_DEVICE_FAMILY = "1,2";
				VALIDATE_PRODUCT = YES;
			};
			name = Release;
		};
		FB06A68F1E97112500BE30AB /* Debug */ = {
			isa = XCBuildConfiguration;
			buildSettings = {
				ASSETCATALOG_COMPILER_APPICON_NAME = AppIcon;
				DEVELOPMENT_TEAM = 6UK6WGBK4Q;
				INFOPLIST_FILE = CoreLocationEnIOs/Info.plist;
				IPHONEOS_DEPLOYMENT_TARGET = 9.0;
				LD_RUNPATH_SEARCH_PATHS = "$(inherited) @executable_path/Frameworks";
				PRODUCT_BUNDLE_IDENTIFIER = pe.ourlimm.CoreLocationEnIOs;
				PRODUCT_NAME = "$(TARGET_NAME)";
				SWIFT_VERSION = 3.0;
			};
			name = Debug;
		};
		FB06A6901E97112500BE30AB /* Release */ = {
			isa = XCBuildConfiguration;
			buildSettings = {
				ASSETCATALOG_COMPILER_APPICON_NAME = AppIcon;
				DEVELOPMENT_TEAM = 6UK6WGBK4Q;
				INFOPLIST_FILE = CoreLocationEnIOs/Info.plist;
				IPHONEOS_DEPLOYMENT_TARGET = 9.0;
				LD_RUNPATH_SEARCH_PATHS = "$(inherited) @executable_path/Frameworks";
				PRODUCT_BUNDLE_IDENTIFIER = pe.ourlimm.CoreLocationEnIOs;
				PRODUCT_NAME = "$(TARGET_NAME)";
				SWIFT_VERSION = 3.0;
			};
			name = Release;
		};
/* End XCBuildConfiguration section */

/* Begin XCConfigurationList section */
		FB06A6771E97112400BE30AB /* Build configuration list for PBXProject "CoreLocationEnIOs" */ = {
			isa = XCConfigurationList;
			buildConfigurations = (
				FB06A68C1E97112500BE30AB /* Debug */,
				FB06A68D1E97112500BE30AB /* Release */,
			);
			defaultConfigurationIsVisible = 0;
			defaultConfigurationName = Release;
		};
		FB06A68E1E97112500BE30AB /* Build configuration list for PBXNativeTarget "CoreLocationEnIOs" */ = {
			isa = XCConfigurationList;
			buildConfigurations = (
				FB06A68F1E97112500BE30AB /* Debug */,
				FB06A6901E97112500BE30AB /* Release */,
			);
			defaultConfigurationIsVisible = 0;
		};
/* End XCConfigurationList section */
	};
	rootObject = FB06A6741E97112400BE30AB /* Project object */;
}
